
Microsoft Visual Studio Solution File, Format Version 12.00
# Visual Studio Version 16
VisualStudioVersion = 16.0.30611.23
MinimumVisualStudioVersion = 10.0.40219.1
Project("{FAE04EC0-301F-11D3-BF4B-00C04F79EFBC}") = "Cart.Infrastructure", "Cart.Infrastructure\Cart.Infrastructure.csproj", "{C3CB41D4-DBC2-4A21-8DA3-64A7FE880DEA}"
EndProject
Project("{FAE04EC0-301F-11D3-BF4B-00C04F79EFBC}") = "Cart.Domain", "Cart.Domain\Cart.Domain.csproj", "{9BE4A1CD-83CE-40BE-AADC-C28F83F395C5}"
EndProject
Global
	GlobalSection(SolutionConfigurationPlatforms) = preSolution
		Debug|Any CPU = Debug|Any CPU
		Release|Any CPU = Release|Any CPU
	EndGlobalSection
	GlobalSection(ProjectConfigurationPlatforms) = postSolution
		{C3CB41D4-DBC2-4A21-8DA3-64A7FE880DEA}.Debug|Any CPU.ActiveCfg = Debug|Any CPU
		{C3CB41D4-DBC2-4A21-8DA3-64A7FE880DEA}.Debug|Any CPU.Build.0 = Debug|Any CPU
		{C3CB41D4-DBC2-4A21-8DA3-64A7FE880DEA}.Release|Any CPU.ActiveCfg = Release|Any CPU
		{C3CB41D4-DBC2-4A21-8DA3-64A7FE880DEA}.Release|Any CPU.Build.0 = Release|Any CPU
		{9BE4A1CD-83CE-40BE-AADC-C28F83F395C5}.Debug|Any CPU.ActiveCfg = Debug|Any CPU
		{9BE4A1CD-83CE-40BE-AADC-C28F83F395C5}.Debug|Any CPU.Build.0 = Debug|Any CPU
		{9BE4A1CD-83CE-40BE-AADC-C28F83F395C5}.Release|Any CPU.ActiveCfg = Release|Any CPU
		{9BE4A1CD-83CE-40BE-AADC-C28F83F395C5}.Release|Any CPU.Build.0 = Release|Any CPU
	EndGlobalSection
	GlobalSection(SolutionProperties) = preSolution
		HideSolutionNode = FALSE
	EndGlobalSection
	GlobalSection(ExtensibilityGlobals) = postSolution
		SolutionGuid = {D610E72D-C664-4583-8F8A-1322A9D14BDE}
	EndGlobalSection
EndGlobal
