
Microsoft Visual Studio Solution File, Format Version 12.00
# Visual Studio Version 16
VisualStudioVersion = 16.0.30611.23
MinimumVisualStudioVersion = 10.0.40219.1
Project("{9A19103F-16F7-4668-BE54-9A1E7A4F7556}") = "User.Infrastructure", "User.Infrastructure\User.Infrastructure.csproj", "{772C3D28-E7CE-46A5-8427-31EB7C1CEE39}"
EndProject
Project("{FAE04EC0-301F-11D3-BF4B-00C04F79EFBC}") = "User.Grpc", "User.Grpc\User.Grpc.csproj", "{9380227F-2E0F-4183-85B3-8A899A97B288}"
EndProject
Project("{FAE04EC0-301F-11D3-BF4B-00C04F79EFBC}") = "User.Domain", "User.Domain\User.Domain.csproj", "{F4EAC199-D7A0-4D3D-AFAF-95DD8B1A0300}"
EndProject
Global
	GlobalSection(SolutionConfigurationPlatforms) = preSolution
		Debug|Any CPU = Debug|Any CPU
		Release|Any CPU = Release|Any CPU
	EndGlobalSection
	GlobalSection(ProjectConfigurationPlatforms) = postSolution
		{772C3D28-E7CE-46A5-8427-31EB7C1CEE39}.Debug|Any CPU.ActiveCfg = Debug|Any CPU
		{772C3D28-E7CE-46A5-8427-31EB7C1CEE39}.Debug|Any CPU.Build.0 = Debug|Any CPU
		{772C3D28-E7CE-46A5-8427-31EB7C1CEE39}.Release|Any CPU.ActiveCfg = Release|Any CPU
		{772C3D28-E7CE-46A5-8427-31EB7C1CEE39}.Release|Any CPU.Build.0 = Release|Any CPU
		{9380227F-2E0F-4183-85B3-8A899A97B288}.Debug|Any CPU.ActiveCfg = Debug|Any CPU
		{9380227F-2E0F-4183-85B3-8A899A97B288}.Debug|Any CPU.Build.0 = Debug|Any CPU
		{9380227F-2E0F-4183-85B3-8A899A97B288}.Release|Any CPU.ActiveCfg = Release|Any CPU
		{9380227F-2E0F-4183-85B3-8A899A97B288}.Release|Any CPU.Build.0 = Release|Any CPU
		{F4EAC199-D7A0-4D3D-AFAF-95DD8B1A0300}.Debug|Any CPU.ActiveCfg = Debug|Any CPU
		{F4EAC199-D7A0-4D3D-AFAF-95DD8B1A0300}.Debug|Any CPU.Build.0 = Debug|Any CPU
		{F4EAC199-D7A0-4D3D-AFAF-95DD8B1A0300}.Release|Any CPU.ActiveCfg = Release|Any CPU
		{F4EAC199-D7A0-4D3D-AFAF-95DD8B1A0300}.Release|Any CPU.Build.0 = Release|Any CPU
	EndGlobalSection
	GlobalSection(SolutionProperties) = preSolution
		HideSolutionNode = FALSE
	EndGlobalSection
	GlobalSection(ExtensibilityGlobals) = postSolution
		SolutionGuid = {895B54D6-9234-481C-A682-07C76ACA4655}
	EndGlobalSection
EndGlobal
